// !$*UTF8*$!
{
	archiveVersion = 1;
	classes = {
	};
	objectVersion = 50;
	objects = {

/* Begin PBXBuildFile section */
		016E664A26C3CF5F004675C0 /* AppDelegate.swift in Sources */ = {isa = PBXBuildFile; fileRef = 016E664926C3CF5F004675C0 /* AppDelegate.swift */; };
		016E664C26C3CF5F004675C0 /* SceneDelegate.swift in Sources */ = {isa = PBXBuildFile; fileRef = 016E664B26C3CF5F004675C0 /* SceneDelegate.swift */; };
		016E664E26C3CF5F004675C0 /* LoginViewController.swift in Sources */ = {isa = PBXBuildFile; fileRef = 016E664D26C3CF5F004675C0 /* LoginViewController.swift */; };
		016E665126C3CF5F004675C0 /* Main.storyboard in Resources */ = {isa = PBXBuildFile; fileRef = 016E664F26C3CF5F004675C0 /* Main.storyboard */; };
		016E665326C3CF68004675C0 /* Assets.xcassets in Resources */ = {isa = PBXBuildFile; fileRef = 016E665226C3CF68004675C0 /* Assets.xcassets */; };
		016E665626C3CF68004675C0 /* LaunchScreen.storyboard in Resources */ = {isa = PBXBuildFile; fileRef = 016E665426C3CF68004675C0 /* LaunchScreen.storyboard */; };
		016E666126C3D0B7004675C0 /* LoginViewModel.swift in Sources */ = {isa = PBXBuildFile; fileRef = 016E666026C3D0B7004675C0 /* LoginViewModel.swift */; };
		016E666526C3D1C4004675C0 /* LoginValidation.swift in Sources */ = {isa = PBXBuildFile; fileRef = 016E666426C3D1C4004675C0 /* LoginValidation.swift */; };
		016E666726C3D24E004675C0 /* ValidationResult.swift in Sources */ = {isa = PBXBuildFile; fileRef = 016E666626C3D24E004675C0 /* ValidationResult.swift */; };
		016E666A26C3D354004675C0 /* LoginRequest.swift in Sources */ = {isa = PBXBuildFile; fileRef = 016E666926C3D354004675C0 /* LoginRequest.swift */; };
		016E666C26C3D38B004675C0 /* LoginResponse.swift in Sources */ = {isa = PBXBuildFile; fileRef = 016E666B26C3D38B004675C0 /* LoginResponse.swift */; };
		016E666F26C3D55B004675C0 /* LoginResource.swift in Sources */ = {isa = PBXBuildFile; fileRef = 016E666E26C3D55B004675C0 /* LoginResource.swift */; };
		016E667126C3D7C8004675C0 /* Common.swift in Sources */ = {isa = PBXBuildFile; fileRef = 016E667026C3D7C8004675C0 /* Common.swift */; };
		016E667326C3D80C004675C0 /* HttpUtility.swift in Sources */ = {isa = PBXBuildFile; fileRef = 016E667226C3D80C004675C0 /* HttpUtility.swift */; };
		016E667626C3DC11004675C0 /* EmployeeViewController.swift in Sources */ = {isa = PBXBuildFile; fileRef = 016E667526C3DC11004675C0 /* EmployeeViewController.swift */; };
		016E667926C3E55C004675C0 /* UserDefaultUtility.swift in Sources */ = {isa = PBXBuildFile; fileRef = 016E667826C3E55C004675C0 /* UserDefaultUtility.swift */; };
		016E667B26C3E914004675C0 /* EmployeeViewModel.swift in Sources */ = {isa = PBXBuildFile; fileRef = 016E667A26C3E914004675C0 /* EmployeeViewModel.swift */; };
		016E667F26C3E9C0004675C0 /* EmployeeRequest.swift in Sources */ = {isa = PBXBuildFile; fileRef = 016E667E26C3E9C0004675C0 /* EmployeeRequest.swift */; };
		016E668126C3E9D1004675C0 /* EmployeeResponse.swift in Sources */ = {isa = PBXBuildFile; fileRef = 016E668026C3E9D1004675C0 /* EmployeeResponse.swift */; };
		016E668326C3EBFE004675C0 /* EmployeeResource.swift in Sources */ = {isa = PBXBuildFile; fileRef = 016E668226C3EBFE004675C0 /* EmployeeResource.swift */; };
		016E668626C3EF8D004675C0 /* EmployeeViewControllerExtension.swift in Sources */ = {isa = PBXBuildFile; fileRef = 016E668526C3EF8D004675C0 /* EmployeeViewControllerExtension.swift */; };
		016E668926C3EFFC004675C0 /* EmployeeTableViewCell.swift in Sources */ = {isa = PBXBuildFile; fileRef = 016E668826C3EFFC004675C0 /* EmployeeTableViewCell.swift */; };
/* End PBXBuildFile section */

/* Begin PBXFileReference section */
		016E664626C3CF5F004675C0 /* MVVMwithDelegatePattern.app */ = {isa = PBXFileReference; explicitFileType = wrapper.application; includeInIndex = 0; path = MVVMwithDelegatePattern.app; sourceTree = BUILT_PRODUCTS_DIR; };
		016E664926C3CF5F004675C0 /* AppDelegate.swift */ = {isa = PBXFileReference; lastKnownFileType = sourcecode.swift; path = AppDelegate.swift; sourceTree = "<group>"; };
		016E664B26C3CF5F004675C0 /* SceneDelegate.swift */ = {isa = PBXFileReference; lastKnownFileType = sourcecode.swift; path = SceneDelegate.swift; sourceTree = "<group>"; };
		016E664D26C3CF5F004675C0 /* LoginViewController.swift */ = {isa = PBXFileReference; lastKnownFileType = sourcecode.swift; path = LoginViewController.swift; sourceTree = "<group>"; };
		016E665026C3CF5F004675C0 /* Base */ = {isa = PBXFileReference; lastKnownFileType = file.storyboard; name = Base; path = Base.lproj/Main.storyboard; sourceTree = "<group>"; };
		016E665226C3CF68004675C0 /* Assets.xcassets */ = {isa = PBXFileReference; lastKnownFileType = folder.assetcatalog; path = Assets.xcassets; sourceTree = "<group>"; };
		016E665526C3CF68004675C0 /* Base */ = {isa = PBXFileReference; lastKnownFileType = file.storyboard; name = Base; path = Base.lproj/LaunchScreen.storyboard; sourceTree = "<group>"; };
		016E665726C3CF68004675C0 /* Info.plist */ = {isa = PBXFileReference; lastKnownFileType = text.plist.xml; path = Info.plist; sourceTree = "<group>"; };
		016E666026C3D0B7004675C0 /* LoginViewModel.swift */ = {isa = PBXFileReference; lastKnownFileType = sourcecode.swift; path = LoginViewModel.swift; sourceTree = "<group>"; };
		016E666426C3D1C4004675C0 /* LoginValidation.swift */ = {isa = PBXFileReference; lastKnownFileType = sourcecode.swift; path = LoginValidation.swift; sourceTree = "<group>"; };
		016E666626C3D24E004675C0 /* ValidationResult.swift */ = {isa = PBXFileReference; lastKnownFileType = sourcecode.swift; path = ValidationResult.swift; sourceTree = "<group>"; };
		016E666926C3D354004675C0 /* LoginRequest.swift */ = {isa = PBXFileReference; lastKnownFileType = sourcecode.swift; path = LoginRequest.swift; sourceTree = "<group>"; };
		016E666B26C3D38B004675C0 /* LoginResponse.swift */ = {isa = PBXFileReference; lastKnownFileType = sourcecode.swift; path = LoginResponse.swift; sourceTree = "<group>"; };
		016E666E26C3D55B004675C0 /* LoginResource.swift */ = {isa = PBXFileReference; lastKnownFileType = sourcecode.swift; path = LoginResource.swift; sourceTree = "<group>"; };
		016E667026C3D7C8004675C0 /* Common.swift */ = {isa = PBXFileReference; lastKnownFileType = sourcecode.swift; path = Common.swift; sourceTree = "<group>"; };
		016E667226C3D80C004675C0 /* HttpUtility.swift */ = {isa = PBXFileReference; lastKnownFileType = sourcecode.swift; path = HttpUtility.swift; sourceTree = "<group>"; };
		016E667526C3DC11004675C0 /* EmployeeViewController.swift */ = {isa = PBXFileReference; lastKnownFileType = sourcecode.swift; path = EmployeeViewController.swift; sourceTree = "<group>"; };
		016E667826C3E55C004675C0 /* UserDefaultUtility.swift */ = {isa = PBXFileReference; lastKnownFileType = sourcecode.swift; path = UserDefaultUtility.swift; sourceTree = "<group>"; };
		016E667A26C3E914004675C0 /* EmployeeViewModel.swift */ = {isa = PBXFileReference; lastKnownFileType = sourcecode.swift; path = EmployeeViewModel.swift; sourceTree = "<group>"; };
		016E667E26C3E9C0004675C0 /* EmployeeRequest.swift */ = {isa = PBXFileReference; lastKnownFileType = sourcecode.swift; path = EmployeeRequest.swift; sourceTree = "<group>"; };
		016E668026C3E9D1004675C0 /* EmployeeResponse.swift */ = {isa = PBXFileReference; lastKnownFileType = sourcecode.swift; path = EmployeeResponse.swift; sourceTree = "<group>"; };
		016E668226C3EBFE004675C0 /* EmployeeResource.swift */ = {isa = PBXFileReference; lastKnownFileType = sourcecode.swift; path = EmployeeResource.swift; sourceTree = "<group>"; };
		016E668526C3EF8D004675C0 /* EmployeeViewControllerExtension.swift */ = {isa = PBXFileReference; lastKnownFileType = sourcecode.swift; path = EmployeeViewControllerExtension.swift; sourceTree = "<group>"; };
		016E668826C3EFFC004675C0 /* EmployeeTableViewCell.swift */ = {isa = PBXFileReference; lastKnownFileType = sourcecode.swift; path = EmployeeTableViewCell.swift; sourceTree = "<group>"; };
/* End PBXFileReference section */

/* Begin PBXFrameworksBuildPhase section */
		016E664326C3CF5F004675C0 /* Frameworks */ = {
			isa = PBXFrameworksBuildPhase;
			buildActionMask = 2147483647;
			files = (
			);
			runOnlyForDeploymentPostprocessing = 0;
		};
/* End PBXFrameworksBuildPhase section */

/* Begin PBXGroup section */
		016E663D26C3CF5F004675C0 = {
			isa = PBXGroup;
			children = (
				016E664826C3CF5F004675C0 /* MVVMwithDelegatePattern */,
				016E664726C3CF5F004675C0 /* Products */,
			);
			sourceTree = "<group>";
		};
		016E664726C3CF5F004675C0 /* Products */ = {
			isa = PBXGroup;
			children = (
				016E664626C3CF5F004675C0 /* MVVMwithDelegatePattern.app */,
			);
			name = Products;
			sourceTree = "<group>";
		};
		016E664826C3CF5F004675C0 /* MVVMwithDelegatePattern */ = {
			isa = PBXGroup;
			children = (
				016E667726C3E538004675C0 /* Utility */,
				016E666D26C3D545004675C0 /* DataResource */,
				016E666826C3D31C004675C0 /* Models */,
				016E666226C3D1A3004675C0 /* Services */,
				016E665F26C3D0A1004675C0 /* ViewModel */,
				016E665D26C3D05C004675C0 /* Lifecycle */,
				016E667426C3DB8F004675C0 /* View */,
				016E665E26C3D074004675C0 /* Storyboards */,
				016E665226C3CF68004675C0 /* Assets.xcassets */,
				016E665726C3CF68004675C0 /* Info.plist */,
				016E667026C3D7C8004675C0 /* Common.swift */,
			);
			path = MVVMwithDelegatePattern;
			sourceTree = "<group>";
		};
		016E665D26C3D05C004675C0 /* Lifecycle */ = {
			isa = PBXGroup;
			children = (
				016E664926C3CF5F004675C0 /* AppDelegate.swift */,
				016E664B26C3CF5F004675C0 /* SceneDelegate.swift */,
			);
			path = Lifecycle;
			sourceTree = "<group>";
		};
		016E665E26C3D074004675C0 /* Storyboards */ = {
			isa = PBXGroup;
			children = (
				016E664F26C3CF5F004675C0 /* Main.storyboard */,
				016E665426C3CF68004675C0 /* LaunchScreen.storyboard */,
			);
			path = Storyboards;
			sourceTree = "<group>";
		};
		016E665F26C3D0A1004675C0 /* ViewModel */ = {
			isa = PBXGroup;
			children = (
				016E666026C3D0B7004675C0 /* LoginViewModel.swift */,
				016E667A26C3E914004675C0 /* EmployeeViewModel.swift */,
			);
			path = ViewModel;
			sourceTree = "<group>";
		};
		016E666226C3D1A3004675C0 /* Services */ = {
			isa = PBXGroup;
			children = (
				016E666326C3D1AB004675C0 /* Validation */,
				016E667226C3D80C004675C0 /* HttpUtility.swift */,
			);
			path = Services;
			sourceTree = "<group>";
		};
		016E666326C3D1AB004675C0 /* Validation */ = {
			isa = PBXGroup;
			children = (
				016E666426C3D1C4004675C0 /* LoginValidation.swift */,
				016E666626C3D24E004675C0 /* ValidationResult.swift */,
			);
			path = Validation;
			sourceTree = "<group>";
		};
		016E666826C3D31C004675C0 /* Models */ = {
			isa = PBXGroup;
			children = (
				016E667D26C3E99A004675C0 /* EmployeeModel */,
				016E667C26C3E98F004675C0 /* LoginModel */,
			);
			path = Models;
			sourceTree = "<group>";
		};
		016E666D26C3D545004675C0 /* DataResource */ = {
			isa = PBXGroup;
			children = (
				016E666E26C3D55B004675C0 /* LoginResource.swift */,
				016E668226C3EBFE004675C0 /* EmployeeResource.swift */,
			);
			path = DataResource;
			sourceTree = "<group>";
		};
		016E667426C3DB8F004675C0 /* View */ = {
			isa = PBXGroup;
			children = (
				016E668726C3EFED004675C0 /* TableViewCell */,
				016E668426C3EF70004675C0 /* Extensions */,
				016E664D26C3CF5F004675C0 /* LoginViewController.swift */,
				016E667526C3DC11004675C0 /* EmployeeViewController.swift */,
			);
			path = View;
			sourceTree = "<group>";
		};
		016E667726C3E538004675C0 /* Utility */ = {
			isa = PBXGroup;
			children = (
				016E667826C3E55C004675C0 /* UserDefaultUtility.swift */,
			);
			path = Utility;
			sourceTree = "<group>";
		};
		016E667C26C3E98F004675C0 /* LoginModel */ = {
			isa = PBXGroup;
			children = (
				016E666926C3D354004675C0 /* LoginRequest.swift */,
				016E666B26C3D38B004675C0 /* LoginResponse.swift */,
			);
			path = LoginModel;
			sourceTree = "<group>";
		};
		016E667D26C3E99A004675C0 /* EmployeeModel */ = {
			isa = PBXGroup;
			children = (
				016E667E26C3E9C0004675C0 /* EmployeeRequest.swift */,
				016E668026C3E9D1004675C0 /* EmployeeResponse.swift */,
			);
			path = EmployeeModel;
			sourceTree = "<group>";
		};
		016E668426C3EF70004675C0 /* Extensions */ = {
			isa = PBXGroup;
			children = (
				016E668526C3EF8D004675C0 /* EmployeeViewControllerExtension.swift */,
			);
			path = Extensions;
			sourceTree = "<group>";
		};
		016E668726C3EFED004675C0 /* TableViewCell */ = {
			isa = PBXGroup;
			children = (
				016E668826C3EFFC004675C0 /* EmployeeTableViewCell.swift */,
			);
			path = TableViewCell;
			sourceTree = "<group>";
		};
/* End PBXGroup section */

/* Begin PBXNativeTarget section */
		016E664526C3CF5F004675C0 /* MVVMwithDelegatePattern */ = {
			isa = PBXNativeTarget;
			buildConfigurationList = 016E665A26C3CF68004675C0 /* Build configuration list for PBXNativeTarget "MVVMwithDelegatePattern" */;
			buildPhases = (
				016E664226C3CF5F004675C0 /* Sources */,
				016E664326C3CF5F004675C0 /* Frameworks */,
				016E664426C3CF5F004675C0 /* Resources */,
			);
			buildRules = (
			);
			dependencies = (
			);
			name = MVVMwithDelegatePattern;
			productName = MVVMwithDelegatePattern;
			productReference = 016E664626C3CF5F004675C0 /* MVVMwithDelegatePattern.app */;
			productType = "com.apple.product-type.application";
		};
/* End PBXNativeTarget section */

/* Begin PBXProject section */
		016E663E26C3CF5F004675C0 /* Project object */ = {
			isa = PBXProject;
			attributes = {
				LastSwiftUpdateCheck = 1250;
				LastUpgradeCheck = 1250;
				TargetAttributes = {
					016E664526C3CF5F004675C0 = {
						CreatedOnToolsVersion = 12.5.1;
					};
				};
			};
			buildConfigurationList = 016E664126C3CF5F004675C0 /* Build configuration list for PBXProject "MVVMwithDelegatePattern" */;
			compatibilityVersion = "Xcode 9.3";
			developmentRegion = en;
			hasScannedForEncodings = 0;
			knownRegions = (
				en,
				Base,
			);
			mainGroup = 016E663D26C3CF5F004675C0;
			productRefGroup = 016E664726C3CF5F004675C0 /* Products */;
			projectDirPath = "";
			projectRoot = "";
			targets = (
				016E664526C3CF5F004675C0 /* MVVMwithDelegatePattern */,
			);
		};
/* End PBXProject section */

/* Begin PBXResourcesBuildPhase section */
		016E664426C3CF5F004675C0 /* Resources */ = {
			isa = PBXResourcesBuildPhase;
			buildActionMask = 2147483647;
			files = (
				016E665626C3CF68004675C0 /* LaunchScreen.storyboard in Resources */,
				016E665326C3CF68004675C0 /* Assets.xcassets in Resources */,
				016E665126C3CF5F004675C0 /* Main.storyboard in Resources */,
			);
			runOnlyForDeploymentPostprocessing = 0;
		};
/* End PBXResourcesBuildPhase section */

/* Begin PBXSourcesBuildPhase section */
		016E664226C3CF5F004675C0 /* Sources */ = {
			isa = PBXSourcesBuildPhase;
			buildActionMask = 2147483647;
			files = (
				016E668126C3E9D1004675C0 /* EmployeeResponse.swift in Sources */,
				016E667F26C3E9C0004675C0 /* EmployeeRequest.swift in Sources */,
				016E666126C3D0B7004675C0 /* LoginViewModel.swift in Sources */,
				016E668926C3EFFC004675C0 /* EmployeeTableViewCell.swift in Sources */,
				016E664E26C3CF5F004675C0 /* LoginViewController.swift in Sources */,
				016E668626C3EF8D004675C0 /* EmployeeViewControllerExtension.swift in Sources */,
				016E667B26C3E914004675C0 /* EmployeeViewModel.swift in Sources */,
				016E664A26C3CF5F004675C0 /* AppDelegate.swift in Sources */,
				016E666526C3D1C4004675C0 /* LoginValidation.swift in Sources */,
				016E667926C3E55C004675C0 /* UserDefaultUtility.swift in Sources */,
				016E664C26C3CF5F004675C0 /* SceneDelegate.swift in Sources */,
				016E666A26C3D354004675C0 /* LoginRequest.swift in Sources */,
				016E666C26C3D38B004675C0 /* LoginResponse.swift in Sources */,
				016E666F26C3D55B004675C0 /* LoginResource.swift in Sources */,
				016E668326C3EBFE004675C0 /* EmployeeResource.swift in Sources */,
				016E667126C3D7C8004675C0 /* Common.swift in Sources */,
				016E666726C3D24E004675C0 /* ValidationResult.swift in Sources */,
				016E667626C3DC11004675C0 /* EmployeeViewController.swift in Sources */,
				016E667326C3D80C004675C0 /* HttpUtility.swift in Sources */,
			);
			runOnlyForDeploymentPostprocessing = 0;
		};
/* End PBXSourcesBuildPhase section */

/* Begin PBXVariantGroup section */
		016E664F26C3CF5F004675C0 /* Main.storyboard */ = {
			isa = PBXVariantGroup;
			children = (
				016E665026C3CF5F004675C0 /* Base */,
			);
			name = Main.storyboard;
			sourceTree = "<group>";
		};
		016E665426C3CF68004675C0 /* LaunchScreen.storyboard */ = {
			isa = PBXVariantGroup;
			children = (
				016E665526C3CF68004675C0 /* Base */,
			);
			name = LaunchScreen.storyboard;
			sourceTree = "<group>";
		};
/* End PBXVariantGroup section */

/* Begin XCBuildConfiguration section */
		016E665826C3CF68004675C0 /* Debug */ = {
			isa = XCBuildConfiguration;
			buildSettings = {
				ALWAYS_SEARCH_USER_PATHS = NO;
				CLANG_ANALYZER_NONNULL = YES;
				CLANG_ANALYZER_NUMBER_OBJECT_CONVERSION = YES_AGGRESSIVE;
				CLANG_CXX_LANGUAGE_STANDARD = "gnu++14";
				CLANG_CXX_LIBRARY = "libc++";
				CLANG_ENABLE_MODULES = YES;
				CLANG_ENABLE_OBJC_ARC = YES;
				CLANG_ENABLE_OBJC_WEAK = YES;
				CLANG_WARN_BLOCK_CAPTURE_AUTORELEASING = YES;
				CLANG_WARN_BOOL_CONVERSION = YES;
				CLANG_WARN_COMMA = YES;
				CLANG_WARN_CONSTANT_CONVERSION = YES;
				CLANG_WARN_DEPRECATED_OBJC_IMPLEMENTATIONS = YES;
				CLANG_WARN_DIRECT_OBJC_ISA_USAGE = YES_ERROR;
				CLANG_WARN_DOCUMENTATION_COMMENTS = YES;
				CLANG_WARN_EMPTY_BODY = YES;
				CLANG_WARN_ENUM_CONVERSION = YES;
				CLANG_WARN_INFINITE_RECURSION = YES;
				CLANG_WARN_INT_CONVERSION = YES;
				CLANG_WARN_NON_LITERAL_NULL_CONVERSION = YES;
				CLANG_WARN_OBJC_IMPLICIT_RETAIN_SELF = YES;
				CLANG_WARN_OBJC_LITERAL_CONVERSION = YES;
				CLANG_WARN_OBJC_ROOT_CLASS = YES_ERROR;
				CLANG_WARN_QUOTED_INCLUDE_IN_FRAMEWORK_HEADER = YES;
				CLANG_WARN_RANGE_LOOP_ANALYSIS = YES;
				CLANG_WARN_STRICT_PROTOTYPES = YES;
				CLANG_WARN_SUSPICIOUS_MOVE = YES;
				CLANG_WARN_UNGUARDED_AVAILABILITY = YES_AGGRESSIVE;
				CLANG_WARN_UNREACHABLE_CODE = YES;
				CLANG_WARN__DUPLICATE_METHOD_MATCH = YES;
				COPY_PHASE_STRIP = NO;
				DEBUG_INFORMATION_FORMAT = dwarf;
				ENABLE_STRICT_OBJC_MSGSEND = YES;
				ENABLE_TESTABILITY = YES;
				GCC_C_LANGUAGE_STANDARD = gnu11;
				GCC_DYNAMIC_NO_PIC = NO;
				GCC_NO_COMMON_BLOCKS = YES;
				GCC_OPTIMIZATION_LEVEL = 0;
				GCC_PREPROCESSOR_DEFINITIONS = (
					"DEBUG=1",
					"$(inherited)",
				);
				GCC_WARN_64_TO_32_BIT_CONVERSION = YES;
				GCC_WARN_ABOUT_RETURN_TYPE = YES_ERROR;
				GCC_WARN_UNDECLARED_SELECTOR = YES;
				GCC_WARN_UNINITIALIZED_AUTOS = YES_AGGRESSIVE;
				GCC_WARN_UNUSED_FUNCTION = YES;
				GCC_WARN_UNUSED_VARIABLE = YES;
				IPHONEOS_DEPLOYMENT_TARGET = 14.5;
				MTL_ENABLE_DEBUG_INFO = INCLUDE_SOURCE;
				MTL_FAST_MATH = YES;
				ONLY_ACTIVE_ARCH = YES;
				SDKROOT = iphoneos;
				SWIFT_ACTIVE_COMPILATION_CONDITIONS = DEBUG;
				SWIFT_OPTIMIZATION_LEVEL = "-Onone";
			};
			name = Debug;
		};
		016E665926C3CF68004675C0 /* Release */ = {
			isa = XCBuildConfiguration;
			buildSettings = {
				ALWAYS_SEARCH_USER_PATHS = NO;
				CLANG_ANALYZER_NONNULL = YES;
				CLANG_ANALYZER_NUMBER_OBJECT_CONVERSION = YES_AGGRESSIVE;
				CLANG_CXX_LANGUAGE_STANDARD = "gnu++14";
				CLANG_CXX_LIBRARY = "libc++";
				CLANG_ENABLE_MODULES = YES;
				CLANG_ENABLE_OBJC_ARC = YES;
				CLANG_ENABLE_OBJC_WEAK = YES;
				CLANG_WARN_BLOCK_CAPTURE_AUTORELEASING = YES;
				CLANG_WARN_BOOL_CONVERSION = YES;
				CLANG_WARN_COMMA = YES;
				CLANG_WARN_CONSTANT_CONVERSION = YES;
				CLANG_WARN_DEPRECATED_OBJC_IMPLEMENTATIONS = YES;
				CLANG_WARN_DIRECT_OBJC_ISA_USAGE = YES_ERROR;
				CLANG_WARN_DOCUMENTATION_COMMENTS = YES;
				CLANG_WARN_EMPTY_BODY = YES;
				CLANG_WARN_ENUM_CONVERSION = YES;
				CLANG_WARN_INFINITE_RECURSION = YES;
				CLANG_WARN_INT_CONVERSION = YES;
				CLANG_WARN_NON_LITERAL_NULL_CONVERSION = YES;
				CLANG_WARN_OBJC_IMPLICIT_RETAIN_SELF = YES;
				CLANG_WARN_OBJC_LITERAL_CONVERSION = YES;
				CLANG_WARN_OBJC_ROOT_CLASS = YES_ERROR;
				CLANG_WARN_QUOTED_INCLUDE_IN_FRAMEWORK_HEADER = YES;
				CLANG_WARN_RANGE_LOOP_ANALYSIS = YES;
				CLANG_WARN_STRICT_PROTOTYPES = YES;
				CLANG_WARN_SUSPICIOUS_MOVE = YES;
				CLANG_WARN_UNGUARDED_AVAILABILITY = YES_AGGRESSIVE;
				CLANG_WARN_UNREACHABLE_CODE = YES;
				CLANG_WARN__DUPLICATE_METHOD_MATCH = YES;
				COPY_PHASE_STRIP = NO;
				DEBUG_INFORMATION_FORMAT = "dwarf-with-dsym";
				ENABLE_NS_ASSERTIONS = NO;
				ENABLE_STRICT_OBJC_MSGSEND = YES;
				GCC_C_LANGUAGE_STANDARD = gnu11;
				GCC_NO_COMMON_BLOCKS = YES;
				GCC_WARN_64_TO_32_BIT_CONVERSION = YES;
				GCC_WARN_ABOUT_RETURN_TYPE = YES_ERROR;
				GCC_WARN_UNDECLARED_SELECTOR = YES;
				GCC_WARN_UNINITIALIZED_AUTOS = YES_AGGRESSIVE;
				GCC_WARN_UNUSED_FUNCTION = YES;
				GCC_WARN_UNUSED_VARIABLE = YES;
				IPHONEOS_DEPLOYMENT_TARGET = 14.5;
				MTL_ENABLE_DEBUG_INFO = NO;
				MTL_FAST_MATH = YES;
				SDKROOT = iphoneos;
				SWIFT_COMPILATION_MODE = wholemodule;
				SWIFT_OPTIMIZATION_LEVEL = "-O";
				VALIDATE_PRODUCT = YES;
			};
			name = Release;
		};
		016E665B26C3CF68004675C0 /* Debug */ = {
			isa = XCBuildConfiguration;
			buildSettings = {
				ASSETCATALOG_COMPILER_APPICON_NAME = AppIcon;
				ASSETCATALOG_COMPILER_GLOBAL_ACCENT_COLOR_NAME = AccentColor;
				CODE_SIGN_STYLE = Automatic;
				DEVELOPMENT_TEAM = S83TL6GCMZ;
				INFOPLIST_FILE = MVVMwithDelegatePattern/Info.plist;
				LD_RUNPATH_SEARCH_PATHS = (
					"$(inherited)",
					"@executable_path/Frameworks",
				);
				PRODUCT_BUNDLE_IDENTIFIER = com.dhanajitkapali.MVVMwithDelegatePattern;
				PRODUCT_NAME = "$(TARGET_NAME)";
				SWIFT_VERSION = 5.0;
				TARGETED_DEVICE_FAMILY = "1,2";
			};
			name = Debug;
		};
		016E665C26C3CF68004675C0 /* Release */ = {
			isa = XCBuildConfiguration;
			buildSettings = {
				ASSETCATALOG_COMPILER_APPICON_NAME = AppIcon;
				ASSETCATALOG_COMPILER_GLOBAL_ACCENT_COLOR_NAME = AccentColor;
				CODE_SIGN_STYLE = Automatic;
				DEVELOPMENT_TEAM = S83TL6GCMZ;
				INFOPLIST_FILE = MVVMwithDelegatePattern/Info.plist;
				LD_RUNPATH_SEARCH_PATHS = (
					"$(inherited)",
					"@executable_path/Frameworks",
				);
				PRODUCT_BUNDLE_IDENTIFIER = com.dhanajitkapali.MVVMwithDelegatePattern;
				PRODUCT_NAME = "$(TARGET_NAME)";
				SWIFT_VERSION = 5.0;
				TARGETED_DEVICE_FAMILY = "1,2";
			};
			name = Release;
		};
/* End XCBuildConfiguration section */

/* Begin XCConfigurationList section */
		016E664126C3CF5F004675C0 /* Build configuration list for PBXProject "MVVMwithDelegatePattern" */ = {
			isa = XCConfigurationList;
			buildConfigurations = (
				016E665826C3CF68004675C0 /* Debug */,
				016E665926C3CF68004675C0 /* Release */,
			);
			defaultConfigurationIsVisible = 0;
			defaultConfigurationName = Release;
		};
		016E665A26C3CF68004675C0 /* Build configuration list for PBXNativeTarget "MVVMwithDelegatePattern" */ = {
			isa = XCConfigurationList;
			buildConfigurations = (
				016E665B26C3CF68004675C0 /* Debug */,
				016E665C26C3CF68004675C0 /* Release */,
			);
			defaultConfigurationIsVisible = 0;
			defaultConfigurationName = Release;
		};
/* End XCConfigurationList section */
	};
	rootObject = 016E663E26C3CF5F004675C0 /* Project object */;
}
